
Microsoft Visual Studio Solution File, Format Version 12.00
# Visual Studio Version 17
VisualStudioVersion = 17.7.34202.233
MinimumVisualStudioVersion = 10.0.40219.1
Project("{FAE04EC0-301F-11D3-BF4B-00C04F79EFBC}") = "Homework-StaticPractical", "Homework-StaticPractical\Homework-StaticPractical.csproj", "{ABAB36B3-5C50-43ED-A23B-26EA9DCF439E}"
EndProject
Project("{FAE04EC0-301F-11D3-BF4B-00C04F79EFBC}") = "Domain", "Domain\Domain.csproj", "{547718BE-5D23-4A2C-A887-B8784FE54D4A}"
EndProject
Project("{FAE04EC0-301F-11D3-BF4B-00C04F79EFBC}") = "Services", "Services\Services.csproj", "{B1B67278-C07A-412B-BA72-4F7D5D80E589}"
EndProject
Global
	GlobalSection(SolutionConfigurationPlatforms) = preSolution
		Debug|Any CPU = Debug|Any CPU
		Release|Any CPU = Release|Any CPU
	EndGlobalSection
	GlobalSection(ProjectConfigurationPlatforms) = postSolution
		{ABAB36B3-5C50-43ED-A23B-26EA9DCF439E}.Debug|Any CPU.ActiveCfg = Debug|Any CPU
		{ABAB36B3-5C50-43ED-A23B-26EA9DCF439E}.Debug|Any CPU.Build.0 = Debug|Any CPU
		{ABAB36B3-5C50-43ED-A23B-26EA9DCF439E}.Release|Any CPU.ActiveCfg = Release|Any CPU
		{ABAB36B3-5C50-43ED-A23B-26EA9DCF439E}.Release|Any CPU.Build.0 = Release|Any CPU
		{547718BE-5D23-4A2C-A887-B8784FE54D4A}.Debug|Any CPU.ActiveCfg = Debug|Any CPU
		{547718BE-5D23-4A2C-A887-B8784FE54D4A}.Debug|Any CPU.Build.0 = Debug|Any CPU
		{547718BE-5D23-4A2C-A887-B8784FE54D4A}.Release|Any CPU.ActiveCfg = Release|Any CPU
		{547718BE-5D23-4A2C-A887-B8784FE54D4A}.Release|Any CPU.Build.0 = Release|Any CPU
		{B1B67278-C07A-412B-BA72-4F7D5D80E589}.Debug|Any CPU.ActiveCfg = Debug|Any CPU
		{B1B67278-C07A-412B-BA72-4F7D5D80E589}.Debug|Any CPU.Build.0 = Debug|Any CPU
		{B1B67278-C07A-412B-BA72-4F7D5D80E589}.Release|Any CPU.ActiveCfg = Release|Any CPU
		{B1B67278-C07A-412B-BA72-4F7D5D80E589}.Release|Any CPU.Build.0 = Release|Any CPU
	EndGlobalSection
	GlobalSection(SolutionProperties) = preSolution
		HideSolutionNode = FALSE
	EndGlobalSection
	GlobalSection(ExtensibilityGlobals) = postSolution
		SolutionGuid = {04BC2DBE-E8AD-403C-ACAE-6618B0664206}
	EndGlobalSection
EndGlobal
